// !$*UTF8*$!
{
	archiveVersion = 1;
	classes = {
	};
	objectVersion = 56;
	objects = {

/* Begin PBXBuildFile section */
		B3FDF10D2B1BE16D0059CA2C /* AppDelegate.swift in Sources */ = {isa = PBXBuildFile; fileRef = B3FDF10C2B1BE16D0059CA2C /* AppDelegate.swift */; };
		B3FDF10F2B1BE16D0059CA2C /* SceneDelegate.swift in Sources */ = {isa = PBXBuildFile; fileRef = B3FDF10E2B1BE16D0059CA2C /* SceneDelegate.swift */; };
		B3FDF1112B1BE16D0059CA2C /* ViewController.swift in Sources */ = {isa = PBXBuildFile; fileRef = B3FDF1102B1BE16D0059CA2C /* ViewController.swift */; };
		B3FDF1162B1BE1710059CA2C /* Assets.xcassets in Resources */ = {isa = PBXBuildFile; fileRef = B3FDF1152B1BE1710059CA2C /* Assets.xcassets */; };
		B3FDF1192B1BE1710059CA2C /* LaunchScreen.storyboard in Resources */ = {isa = PBXBuildFile; fileRef = B3FDF1172B1BE1710059CA2C /* LaunchScreen.storyboard */; };
		B3FDF1242B1BE1710059CA2C /* I_am_RichTests.swift in Sources */ = {isa = PBXBuildFile; fileRef = B3FDF1232B1BE1710059CA2C /* I_am_RichTests.swift */; };
		B3FDF12E2B1BE1710059CA2C /* I_am_RichUITests.swift in Sources */ = {isa = PBXBuildFile; fileRef = B3FDF12D2B1BE1710059CA2C /* I_am_RichUITests.swift */; };
		B3FDF1302B1BE1710059CA2C /* I_am_RichUITestsLaunchTests.swift in Sources */ = {isa = PBXBuildFile; fileRef = B3FDF12F2B1BE1710059CA2C /* I_am_RichUITestsLaunchTests.swift */; };
		B3FDF13C2B1BFD3A0059CA2C /* Main.storyboard in Resources */ = {isa = PBXBuildFile; fileRef = B3FDF1122B1BE16D0059CA2C /* Main.storyboard */; };
/* End PBXBuildFile section */

/* Begin PBXContainerItemProxy section */
		B3FDF1202B1BE1710059CA2C /* PBXContainerItemProxy */ = {
			isa = PBXContainerItemProxy;
			containerPortal = B3FDF1012B1BE16D0059CA2C /* Project object */;
			proxyType = 1;
			remoteGlobalIDString = B3FDF1082B1BE16D0059CA2C;
			remoteInfo = "I am Rich";
		};
		B3FDF12A2B1BE1710059CA2C /* PBXContainerItemProxy */ = {
			isa = PBXContainerItemProxy;
			containerPortal = B3FDF1012B1BE16D0059CA2C /* Project object */;
			proxyType = 1;
			remoteGlobalIDString = B3FDF1082B1BE16D0059CA2C;
			remoteInfo = "I am Rich";
		};
/* End PBXContainerItemProxy section */

/* Begin PBXFileReference section */
		B3FDF1092B1BE16D0059CA2C /* I am Rich.app */ = {isa = PBXFileReference; explicitFileType = wrapper.application; includeInIndex = 0; path = "I am Rich.app"; sourceTree = BUILT_PRODUCTS_DIR; };
		B3FDF10C2B1BE16D0059CA2C /* AppDelegate.swift */ = {isa = PBXFileReference; lastKnownFileType = sourcecode.swift; path = AppDelegate.swift; sourceTree = "<group>"; };
		B3FDF10E2B1BE16D0059CA2C /* SceneDelegate.swift */ = {isa = PBXFileReference; lastKnownFileType = sourcecode.swift; path = SceneDelegate.swift; sourceTree = "<group>"; };
		B3FDF1102B1BE16D0059CA2C /* ViewController.swift */ = {isa = PBXFileReference; lastKnownFileType = sourcecode.swift; path = ViewController.swift; sourceTree = "<group>"; };
		B3FDF1132B1BE16D0059CA2C /* Base */ = {isa = PBXFileReference; lastKnownFileType = file.storyboard; name = Base; path = Base.lproj/Main.storyboard; sourceTree = "<group>"; };
		B3FDF1152B1BE1710059CA2C /* Assets.xcassets */ = {isa = PBXFileReference; lastKnownFileType = folder.assetcatalog; path = Assets.xcassets; sourceTree = "<group>"; };
		B3FDF1182B1BE1710059CA2C /* Base */ = {isa = PBXFileReference; lastKnownFileType = file.storyboard; name = Base; path = Base.lproj/LaunchScreen.storyboard; sourceTree = "<group>"; };
		B3FDF11A2B1BE1710059CA2C /* Info.plist */ = {isa = PBXFileReference; lastKnownFileType = text.plist.xml; path = Info.plist; sourceTree = "<group>"; };
		B3FDF11F2B1BE1710059CA2C /* I am RichTests.xctest */ = {isa = PBXFileReference; explicitFileType = wrapper.cfbundle; includeInIndex = 0; path = "I am RichTests.xctest"; sourceTree = BUILT_PRODUCTS_DIR; };
		B3FDF1232B1BE1710059CA2C /* I_am_RichTests.swift */ = {isa = PBXFileReference; lastKnownFileType = sourcecode.swift; path = I_am_RichTests.swift; sourceTree = "<group>"; };
		B3FDF1292B1BE1710059CA2C /* I am RichUITests.xctest */ = {isa = PBXFileReference; explicitFileType = wrapper.cfbundle; includeInIndex = 0; path = "I am RichUITests.xctest"; sourceTree = BUILT_PRODUCTS_DIR; };
		B3FDF12D2B1BE1710059CA2C /* I_am_RichUITests.swift */ = {isa = PBXFileReference; lastKnownFileType = sourcecode.swift; path = I_am_RichUITests.swift; sourceTree = "<group>"; };
		B3FDF12F2B1BE1710059CA2C /* I_am_RichUITestsLaunchTests.swift */ = {isa = PBXFileReference; lastKnownFileType = sourcecode.swift; path = I_am_RichUITestsLaunchTests.swift; sourceTree = "<group>"; };
/* End PBXFileReference section */

/* Begin PBXFrameworksBuildPhase section */
		B3FDF1062B1BE16D0059CA2C /* Frameworks */ = {
			isa = PBXFrameworksBuildPhase;
			buildActionMask = 2147483647;
			files = (
			);
			runOnlyForDeploymentPostprocessing = 0;
		};
		B3FDF11C2B1BE1710059CA2C /* Frameworks */ = {
			isa = PBXFrameworksBuildPhase;
			buildActionMask = 2147483647;
			files = (
			);
			runOnlyForDeploymentPostprocessing = 0;
		};
		B3FDF1262B1BE1710059CA2C /* Frameworks */ = {
			isa = PBXFrameworksBuildPhase;
			buildActionMask = 2147483647;
			files = (
			);
			runOnlyForDeploymentPostprocessing = 0;
		};
/* End PBXFrameworksBuildPhase section */

/* Begin PBXGroup section */
		B3FDF1002B1BE16D0059CA2C = {
			isa = PBXGroup;
			children = (
				B3FDF10B2B1BE16D0059CA2C /* I am Rich */,
				B3FDF1222B1BE1710059CA2C /* I am RichTests */,
				B3FDF12C2B1BE1710059CA2C /* I am RichUITests */,
				B3FDF10A2B1BE16D0059CA2C /* Products */,
			);
			sourceTree = "<group>";
		};
		B3FDF10A2B1BE16D0059CA2C /* Products */ = {
			isa = PBXGroup;
			children = (
				B3FDF1092B1BE16D0059CA2C /* I am Rich.app */,
				B3FDF11F2B1BE1710059CA2C /* I am RichTests.xctest */,
				B3FDF1292B1BE1710059CA2C /* I am RichUITests.xctest */,
			);
			name = Products;
			sourceTree = "<group>";
		};
		B3FDF10B2B1BE16D0059CA2C /* I am Rich */ = {
			isa = PBXGroup;
			children = (
				B3FDF10C2B1BE16D0059CA2C /* AppDelegate.swift */,
				B3FDF10E2B1BE16D0059CA2C /* SceneDelegate.swift */,
				B3FDF1102B1BE16D0059CA2C /* ViewController.swift */,
				B3FDF1122B1BE16D0059CA2C /* Main.storyboard */,
				B3FDF1152B1BE1710059CA2C /* Assets.xcassets */,
				B3FDF1172B1BE1710059CA2C /* LaunchScreen.storyboard */,
				B3FDF11A2B1BE1710059CA2C /* Info.plist */,
			);
			path = "I am Rich";
			sourceTree = "<group>";
		};
		B3FDF1222B1BE1710059CA2C /* I am RichTests */ = {
			isa = PBXGroup;
			children = (
				B3FDF1232B1BE1710059CA2C /* I_am_RichTests.swift */,
			);
			path = "I am RichTests";
			sourceTree = "<group>";
		};
		B3FDF12C2B1BE1710059CA2C /* I am RichUITests */ = {
			isa = PBXGroup;
			children = (
				B3FDF12D2B1BE1710059CA2C /* I_am_RichUITests.swift */,
				B3FDF12F2B1BE1710059CA2C /* I_am_RichUITestsLaunchTests.swift */,
			);
			path = "I am RichUITests";
			sourceTree = "<group>";
		};
/* End PBXGroup section */

/* Begin PBXNativeTarget section */
		B3FDF1082B1BE16D0059CA2C /* I am Rich */ = {
			isa = PBXNativeTarget;
			buildConfigurationList = B3FDF1332B1BE1710059CA2C /* Build configuration list for PBXNativeTarget "I am Rich" */;
			buildPhases = (
				B3FDF1052B1BE16D0059CA2C /* Sources */,
				B3FDF1062B1BE16D0059CA2C /* Frameworks */,
				B3FDF1072B1BE16D0059CA2C /* Resources */,
			);
			buildRules = (
			);
			dependencies = (
			);
			name = "I am Rich";
			productName = "I am Rich";
			productReference = B3FDF1092B1BE16D0059CA2C /* I am Rich.app */;
			productType = "com.apple.product-type.application";
		};
		B3FDF11E2B1BE1710059CA2C /* I am RichTests */ = {
			isa = PBXNativeTarget;
			buildConfigurationList = B3FDF1362B1BE1710059CA2C /* Build configuration list for PBXNativeTarget "I am RichTests" */;
			buildPhases = (
				B3FDF11B2B1BE1710059CA2C /* Sources */,
				B3FDF11C2B1BE1710059CA2C /* Frameworks */,
				B3FDF11D2B1BE1710059CA2C /* Resources */,
			);
			buildRules = (
			);
			dependencies = (
				B3FDF1212B1BE1710059CA2C /* PBXTargetDependency */,
			);
			name = "I am RichTests";
			productName = "I am RichTests";
			productReference = B3FDF11F2B1BE1710059CA2C /* I am RichTests.xctest */;
			productType = "com.apple.product-type.bundle.unit-test";
		};
		B3FDF1282B1BE1710059CA2C /* I am RichUITests */ = {
			isa = PBXNativeTarget;
			buildConfigurationList = B3FDF1392B1BE1710059CA2C /* Build configuration list for PBXNativeTarget "I am RichUITests" */;
			buildPhases = (
				B3FDF1252B1BE1710059CA2C /* Sources */,
				B3FDF1262B1BE1710059CA2C /* Frameworks */,
				B3FDF1272B1BE1710059CA2C /* Resources */,
			);
			buildRules = (
			);
			dependencies = (
				B3FDF12B2B1BE1710059CA2C /* PBXTargetDependency */,
			);
			name = "I am RichUITests";
			productName = "I am RichUITests";
			productReference = B3FDF1292B1BE1710059CA2C /* I am RichUITests.xctest */;
			productType = "com.apple.product-type.bundle.ui-testing";
		};
/* End PBXNativeTarget section */

/* Begin PBXProject section */
		B3FDF1012B1BE16D0059CA2C /* Project object */ = {
			isa = PBXProject;
			attributes = {
				BuildIndependentTargetsInParallel = 1;
				LastSwiftUpdateCheck = 1500;
				LastUpgradeCheck = 1500;
				TargetAttributes = {
					B3FDF1082B1BE16D0059CA2C = {
						CreatedOnToolsVersion = 15.0.1;
					};
					B3FDF11E2B1BE1710059CA2C = {
						CreatedOnToolsVersion = 15.0.1;
						TestTargetID = B3FDF1082B1BE16D0059CA2C;
					};
					B3FDF1282B1BE1710059CA2C = {
						CreatedOnToolsVersion = 15.0.1;
						TestTargetID = B3FDF1082B1BE16D0059CA2C;
					};
				};
			};
			buildConfigurationList = B3FDF1042B1BE16D0059CA2C /* Build configuration list for PBXProject "I am Rich" */;
			compatibilityVersion = "Xcode 14.0";
			developmentRegion = en;
			hasScannedForEncodings = 0;
			knownRegions = (
				en,
				Base,
			);
			mainGroup = B3FDF1002B1BE16D0059CA2C;
			productRefGroup = B3FDF10A2B1BE16D0059CA2C /* Products */;
			projectDirPath = "";
			projectRoot = "";
			targets = (
				B3FDF1082B1BE16D0059CA2C /* I am Rich */,
				B3FDF11E2B1BE1710059CA2C /* I am RichTests */,
				B3FDF1282B1BE1710059CA2C /* I am RichUITests */,
			);
		};
/* End PBXProject section */

/* Begin PBXResourcesBuildPhase section */
		B3FDF1072B1BE16D0059CA2C /* Resources */ = {
			isa = PBXResourcesBuildPhase;
			buildActionMask = 2147483647;
			files = (
				B3FDF13C2B1BFD3A0059CA2C /* Main.storyboard in Resources */,
				B3FDF1192B1BE1710059CA2C /* LaunchScreen.storyboard in Resources */,
				B3FDF1162B1BE1710059CA2C /* Assets.xcassets in Resources */,
			);
			runOnlyForDeploymentPostprocessing = 0;
		};
		B3FDF11D2B1BE1710059CA2C /* Resources */ = {
			isa = PBXResourcesBuildPhase;
			buildActionMask = 2147483647;
			files = (
			);
			runOnlyForDeploymentPostprocessing = 0;
		};
		B3FDF1272B1BE1710059CA2C /* Resources */ = {
			isa = PBXResourcesBuildPhase;
			buildActionMask = 2147483647;
			files = (
			);
			runOnlyForDeploymentPostprocessing = 0;
		};
/* End PBXResourcesBuildPhase section */

/* Begin PBXSourcesBuildPhase section */
		B3FDF1052B1BE16D0059CA2C /* Sources */ = {
			isa = PBXSourcesBuildPhase;
			buildActionMask = 2147483647;
			files = (
				B3FDF1112B1BE16D0059CA2C /* ViewController.swift in Sources */,
				B3FDF10D2B1BE16D0059CA2C /* AppDelegate.swift in Sources */,
				B3FDF10F2B1BE16D0059CA2C /* SceneDelegate.swift in Sources */,
			);
			runOnlyForDeploymentPostprocessing = 0;
		};
		B3FDF11B2B1BE1710059CA2C /* Sources */ = {
			isa = PBXSourcesBuildPhase;
			buildActionMask = 2147483647;
			files = (
				B3FDF1242B1BE1710059CA2C /* I_am_RichTests.swift in Sources */,
			);
			runOnlyForDeploymentPostprocessing = 0;
		};
		B3FDF1252B1BE1710059CA2C /* Sources */ = {
			isa = PBXSourcesBuildPhase;
			buildActionMask = 2147483647;
			files = (
				B3FDF1302B1BE1710059CA2C /* I_am_RichUITestsLaunchTests.swift in Sources */,
				B3FDF12E2B1BE1710059CA2C /* I_am_RichUITests.swift in Sources */,
			);
			runOnlyForDeploymentPostprocessing = 0;
		};
/* End PBXSourcesBuildPhase section */

/* Begin PBXTargetDependency section */
		B3FDF1212B1BE1710059CA2C /* PBXTargetDependency */ = {
			isa = PBXTargetDependency;
			target = B3FDF1082B1BE16D0059CA2C /* I am Rich */;
			targetProxy = B3FDF1202B1BE1710059CA2C /* PBXContainerItemProxy */;
		};
		B3FDF12B2B1BE1710059CA2C /* PBXTargetDependency */ = {
			isa = PBXTargetDependency;
			target = B3FDF1082B1BE16D0059CA2C /* I am Rich */;
			targetProxy = B3FDF12A2B1BE1710059CA2C /* PBXContainerItemProxy */;
		};
/* End PBXTargetDependency section */

/* Begin PBXVariantGroup section */
		B3FDF1122B1BE16D0059CA2C /* Main.storyboard */ = {
			isa = PBXVariantGroup;
			children = (
				B3FDF1132B1BE16D0059CA2C /* Base */,
			);
			name = Main.storyboard;
			sourceTree = "<group>";
		};
		B3FDF1172B1BE1710059CA2C /* LaunchScreen.storyboard */ = {
			isa = PBXVariantGroup;
			children = (
				B3FDF1182B1BE1710059CA2C /* Base */,
			);
			name = LaunchScreen.storyboard;
			sourceTree = "<group>";
		};
/* End PBXVariantGroup section */

/* Begin XCBuildConfiguration section */
		B3FDF1312B1BE1710059CA2C /* Debug */ = {
			isa = XCBuildConfiguration;
			buildSettings = {
				ALWAYS_SEARCH_USER_PATHS = NO;
				ASSETCATALOG_COMPILER_GENERATE_SWIFT_ASSET_SYMBOL_EXTENSIONS = YES;
				CLANG_ANALYZER_NONNULL = YES;
				CLANG_ANALYZER_NUMBER_OBJECT_CONVERSION = YES_AGGRESSIVE;
				CLANG_CXX_LANGUAGE_STANDARD = "gnu++20";
				CLANG_ENABLE_MODULES = YES;
				CLANG_ENABLE_OBJC_ARC = YES;
				CLANG_ENABLE_OBJC_WEAK = YES;
				CLANG_WARN_BLOCK_CAPTURE_AUTORELEASING = YES;
				CLANG_WARN_BOOL_CONVERSION = YES;
				CLANG_WARN_COMMA = YES;
				CLANG_WARN_CONSTANT_CONVERSION = YES;
				CLANG_WARN_DEPRECATED_OBJC_IMPLEMENTATIONS = YES;
				CLANG_WARN_DIRECT_OBJC_ISA_USAGE = YES_ERROR;
				CLANG_WARN_DOCUMENTATION_COMMENTS = YES;
				CLANG_WARN_EMPTY_BODY = YES;
				CLANG_WARN_ENUM_CONVERSION = YES;
				CLANG_WARN_INFINITE_RECURSION = YES;
				CLANG_WARN_INT_CONVERSION = YES;
				CLANG_WARN_NON_LITERAL_NULL_CONVERSION = YES;
				CLANG_WARN_OBJC_IMPLICIT_RETAIN_SELF = YES;
				CLANG_WARN_OBJC_LITERAL_CONVERSION = YES;
				CLANG_WARN_OBJC_ROOT_CLASS = YES_ERROR;
				CLANG_WARN_QUOTED_INCLUDE_IN_FRAMEWORK_HEADER = YES;
				CLANG_WARN_RANGE_LOOP_ANALYSIS = YES;
				CLANG_WARN_STRICT_PROTOTYPES = YES;
				CLANG_WARN_SUSPICIOUS_MOVE = YES;
				CLANG_WARN_UNGUARDED_AVAILABILITY = YES_AGGRESSIVE;
				CLANG_WARN_UNREACHABLE_CODE = YES;
				CLANG_WARN__DUPLICATE_METHOD_MATCH = YES;
				COPY_PHASE_STRIP = NO;
				DEBUG_INFORMATION_FORMAT = dwarf;
				ENABLE_STRICT_OBJC_MSGSEND = YES;
				ENABLE_TESTABILITY = YES;
				ENABLE_USER_SCRIPT_SANDBOXING = YES;
				GCC_C_LANGUAGE_STANDARD = gnu17;
				GCC_DYNAMIC_NO_PIC = NO;
				GCC_NO_COMMON_BLOCKS = YES;
				GCC_OPTIMIZATION_LEVEL = 0;
				GCC_PREPROCESSOR_DEFINITIONS = (
					"DEBUG=1",
					"$(inherited)",
				);
				GCC_WARN_64_TO_32_BIT_CONVERSION = YES;
				GCC_WARN_ABOUT_RETURN_TYPE = YES_ERROR;
				GCC_WARN_UNDECLARED_SELECTOR = YES;
				GCC_WARN_UNINITIALIZED_AUTOS = YES_AGGRESSIVE;
				GCC_WARN_UNUSED_FUNCTION = YES;
				GCC_WARN_UNUSED_VARIABLE = YES;
				IPHONEOS_DEPLOYMENT_TARGET = 17.0;
				LOCALIZATION_PREFERS_STRING_CATALOGS = YES;
				MTL_ENABLE_DEBUG_INFO = INCLUDE_SOURCE;
				MTL_FAST_MATH = YES;
				ONLY_ACTIVE_ARCH = YES;
				SDKROOT = iphoneos;
				SWIFT_ACTIVE_COMPILATION_CONDITIONS = "DEBUG $(inherited)";
				SWIFT_OPTIMIZATION_LEVEL = "-Onone";
			};
			name = Debug;
		};
		B3FDF1322B1BE1710059CA2C /* Release */ = {
			isa = XCBuildConfiguration;
			buildSettings = {
				ALWAYS_SEARCH_USER_PATHS = NO;
				ASSETCATALOG_COMPILER_GENERATE_SWIFT_ASSET_SYMBOL_EXTENSIONS = YES;
				CLANG_ANALYZER_NONNULL = YES;
				CLANG_ANALYZER_NUMBER_OBJECT_CONVERSION = YES_AGGRESSIVE;
				CLANG_CXX_LANGUAGE_STANDARD = "gnu++20";
				CLANG_ENABLE_MODULES = YES;
				CLANG_ENABLE_OBJC_ARC = YES;
				CLANG_ENABLE_OBJC_WEAK = YES;
				CLANG_WARN_BLOCK_CAPTURE_AUTORELEASING = YES;
				CLANG_WARN_BOOL_CONVERSION = YES;
				CLANG_WARN_COMMA = YES;
				CLANG_WARN_CONSTANT_CONVERSION = YES;
				CLANG_WARN_DEPRECATED_OBJC_IMPLEMENTATIONS = YES;
				CLANG_WARN_DIRECT_OBJC_ISA_USAGE = YES_ERROR;
				CLANG_WARN_DOCUMENTATION_COMMENTS = YES;
				CLANG_WARN_EMPTY_BODY = YES;
				CLANG_WARN_ENUM_CONVERSION = YES;
				CLANG_WARN_INFINITE_RECURSION = YES;
				CLANG_WARN_INT_CONVERSION = YES;
				CLANG_WARN_NON_LITERAL_NULL_CONVERSION = YES;
				CLANG_WARN_OBJC_IMPLICIT_RETAIN_SELF = YES;
				CLANG_WARN_OBJC_LITERAL_CONVERSION = YES;
				CLANG_WARN_OBJC_ROOT_CLASS = YES_ERROR;
				CLANG_WARN_QUOTED_INCLUDE_IN_FRAMEWORK_HEADER = YES;
				CLANG_WARN_RANGE_LOOP_ANALYSIS = YES;
				CLANG_WARN_STRICT_PROTOTYPES = YES;
				CLANG_WARN_SUSPICIOUS_MOVE = YES;
				CLANG_WARN_UNGUARDED_AVAILABILITY = YES_AGGRESSIVE;
				CLANG_WARN_UNREACHABLE_CODE = YES;
				CLANG_WARN__DUPLICATE_METHOD_MATCH = YES;
				COPY_PHASE_STRIP = NO;
				DEBUG_INFORMATION_FORMAT = "dwarf-with-dsym";
				ENABLE_NS_ASSERTIONS = NO;
				ENABLE_STRICT_OBJC_MSGSEND = YES;
				ENABLE_USER_SCRIPT_SANDBOXING = YES;
				GCC_C_LANGUAGE_STANDARD = gnu17;
				GCC_NO_COMMON_BLOCKS = YES;
				GCC_WARN_64_TO_32_BIT_CONVERSION = YES;
				GCC_WARN_ABOUT_RETURN_TYPE = YES_ERROR;
				GCC_WARN_UNDECLARED_SELECTOR = YES;
				GCC_WARN_UNINITIALIZED_AUTOS = YES_AGGRESSIVE;
				GCC_WARN_UNUSED_FUNCTION = YES;
				GCC_WARN_UNUSED_VARIABLE = YES;
				IPHONEOS_DEPLOYMENT_TARGET = 17.0;
				LOCALIZATION_PREFERS_STRING_CATALOGS = YES;
				MTL_ENABLE_DEBUG_INFO = NO;
				MTL_FAST_MATH = YES;
				SDKROOT = iphoneos;
				SWIFT_COMPILATION_MODE = wholemodule;
				VALIDATE_PRODUCT = YES;
			};
			name = Release;
		};
		B3FDF1342B1BE1710059CA2C /* Debug */ = {
			isa = XCBuildConfiguration;
			buildSettings = {
				ASSETCATALOG_COMPILER_APPICON_NAME = AppIcon;
				ASSETCATALOG_COMPILER_GLOBAL_ACCENT_COLOR_NAME = AccentColor;
				CODE_SIGN_STYLE = Automatic;
				CURRENT_PROJECT_VERSION = 1;
				DEVELOPMENT_TEAM = L3258TLW8P;
				GENERATE_INFOPLIST_FILE = YES;
				INFOPLIST_FILE = "I am Rich/Info.plist";
				INFOPLIST_KEY_UIApplicationSupportsIndirectInputEvents = YES;
				INFOPLIST_KEY_UILaunchStoryboardName = LaunchScreen;
				INFOPLIST_KEY_UIMainStoryboardFile = Main;
				INFOPLIST_KEY_UISupportedInterfaceOrientations_iPad = "UIInterfaceOrientationPortrait UIInterfaceOrientationPortraitUpsideDown UIInterfaceOrientationLandscapeLeft UIInterfaceOrientationLandscapeRight";
				INFOPLIST_KEY_UISupportedInterfaceOrientations_iPhone = "UIInterfaceOrientationPortrait UIInterfaceOrientationLandscapeLeft UIInterfaceOrientationLandscapeRight";
				LD_RUNPATH_SEARCH_PATHS = (
					"$(inherited)",
					"@executable_path/Frameworks",
				);
				MARKETING_VERSION = 1.0;
				PRODUCT_BUNDLE_IDENTIFIER = "com.mi.I-am-Rich";
				PRODUCT_NAME = "$(TARGET_NAME)";
				SWIFT_EMIT_LOC_STRINGS = YES;
				SWIFT_VERSION = 5.0;
				TARGETED_DEVICE_FAMILY = "1,2";
			};
			name = Debug;
		};
		B3FDF1352B1BE1710059CA2C /* Release */ = {
			isa = XCBuildConfiguration;
			buildSettings = {
				ASSETCATALOG_COMPILER_APPICON_NAME = AppIcon;
				ASSETCATALOG_COMPILER_GLOBAL_ACCENT_COLOR_NAME = AccentColor;
				CODE_SIGN_STYLE = Automatic;
				CURRENT_PROJECT_VERSION = 1;
				DEVELOPMENT_TEAM = L3258TLW8P;
				GENERATE_INFOPLIST_FILE = YES;
				INFOPLIST_FILE = "I am Rich/Info.plist";
				INFOPLIST_KEY_UIApplicationSupportsIndirectInputEvents = YES;
				INFOPLIST_KEY_UILaunchStoryboardName = LaunchScreen;
				INFOPLIST_KEY_UIMainStoryboardFile = Main;
				INFOPLIST_KEY_UISupportedInterfaceOrientations_iPad = "UIInterfaceOrientationPortrait UIInterfaceOrientationPortraitUpsideDown UIInterfaceOrientationLandscapeLeft UIInterfaceOrientationLandscapeRight";
				INFOPLIST_KEY_UISupportedInterfaceOrientations_iPhone = "UIInterfaceOrientationPortrait UIInterfaceOrientationLandscapeLeft UIInterfaceOrientationLandscapeRight";
				LD_RUNPATH_SEARCH_PATHS = (
					"$(inherited)",
					"@executable_path/Frameworks",
				);
				MARKETING_VERSION = 1.0;
				PRODUCT_BUNDLE_IDENTIFIER = "com.mi.I-am-Rich";
				PRODUCT_NAME = "$(TARGET_NAME)";
				SWIFT_EMIT_LOC_STRINGS = YES;
				SWIFT_VERSION = 5.0;
				TARGETED_DEVICE_FAMILY = "1,2";
			};
			name = Release;
		};
		B3FDF1372B1BE1710059CA2C /* Debug */ = {
			isa = XCBuildConfiguration;
			buildSettings = {
				ALWAYS_EMBED_SWIFT_STANDARD_LIBRARIES = YES;
				BUNDLE_LOADER = "$(TEST_HOST)";
				CODE_SIGN_STYLE = Automatic;
				CURRENT_PROJECT_VERSION = 1;
				DEVELOPMENT_TEAM = L3258TLW8P;
				GENERATE_INFOPLIST_FILE = YES;
				IPHONEOS_DEPLOYMENT_TARGET = 17.0;
				MARKETING_VERSION = 1.0;
				PRODUCT_BUNDLE_IDENTIFIER = "com.mi.I-am-RichTests";
				PRODUCT_NAME = "$(TARGET_NAME)";
				SWIFT_EMIT_LOC_STRINGS = NO;
				SWIFT_VERSION = 5.0;
				TARGETED_DEVICE_FAMILY = "1,2";
				TEST_HOST = "$(BUILT_PRODUCTS_DIR)/I am Rich.app/$(BUNDLE_EXECUTABLE_FOLDER_PATH)/I am Rich";
			};
			name = Debug;
		};
		B3FDF1382B1BE1710059CA2C /* Release */ = {
			isa = XCBuildConfiguration;
			buildSettings = {
				ALWAYS_EMBED_SWIFT_STANDARD_LIBRARIES = YES;
				BUNDLE_LOADER = "$(TEST_HOST)";
				CODE_SIGN_STYLE = Automatic;
				CURRENT_PROJECT_VERSION = 1;
				DEVELOPMENT_TEAM = L3258TLW8P;
				GENERATE_INFOPLIST_FILE = YES;
				IPHONEOS_DEPLOYMENT_TARGET = 17.0;
				MARKETING_VERSION = 1.0;
				PRODUCT_BUNDLE_IDENTIFIER = "com.mi.I-am-RichTests";
				PRODUCT_NAME = "$(TARGET_NAME)";
				SWIFT_EMIT_LOC_STRINGS = NO;
				SWIFT_VERSION = 5.0;
				TARGETED_DEVICE_FAMILY = "1,2";
				TEST_HOST = "$(BUILT_PRODUCTS_DIR)/I am Rich.app/$(BUNDLE_EXECUTABLE_FOLDER_PATH)/I am Rich";
			};
			name = Release;
		};
		B3FDF13A2B1BE1710059CA2C /* Debug */ = {
			isa = XCBuildConfiguration;
			buildSettings = {
				ALWAYS_EMBED_SWIFT_STANDARD_LIBRARIES = YES;
				CODE_SIGN_STYLE = Automatic;
				CURRENT_PROJECT_VERSION = 1;
				DEVELOPMENT_TEAM = L3258TLW8P;
				GENERATE_INFOPLIST_FILE = YES;
				MARKETING_VERSION = 1.0;
				PRODUCT_BUNDLE_IDENTIFIER = "com.mi.I-am-RichUITests";
				PRODUCT_NAME = "$(TARGET_NAME)";
				SWIFT_EMIT_LOC_STRINGS = NO;
				SWIFT_VERSION = 5.0;
				TARGETED_DEVICE_FAMILY = "1,2";
				TEST_TARGET_NAME = "I am Rich";
			};
			name = Debug;
		};
		B3FDF13B2B1BE1710059CA2C /* Release */ = {
			isa = XCBuildConfiguration;
			buildSettings = {
				ALWAYS_EMBED_SWIFT_STANDARD_LIBRARIES = YES;
				CODE_SIGN_STYLE = Automatic;
				CURRENT_PROJECT_VERSION = 1;
				DEVELOPMENT_TEAM = L3258TLW8P;
				GENERATE_INFOPLIST_FILE = YES;
				MARKETING_VERSION = 1.0;
				PRODUCT_BUNDLE_IDENTIFIER = "com.mi.I-am-RichUITests";
				PRODUCT_NAME = "$(TARGET_NAME)";
				SWIFT_EMIT_LOC_STRINGS = NO;
				SWIFT_VERSION = 5.0;
				TARGETED_DEVICE_FAMILY = "1,2";
				TEST_TARGET_NAME = "I am Rich";
			};
			name = Release;
		};
/* End XCBuildConfiguration section */

/* Begin XCConfigurationList section */
		B3FDF1042B1BE16D0059CA2C /* Build configuration list for PBXProject "I am Rich" */ = {
			isa = XCConfigurationList;
			buildConfigurations = (
				B3FDF1312B1BE1710059CA2C /* Debug */,
				B3FDF1322B1BE1710059CA2C /* Release */,
			);
			defaultConfigurationIsVisible = 0;
			defaultConfigurationName = Release;
		};
		B3FDF1332B1BE1710059CA2C /* Build configuration list for PBXNativeTarget "I am Rich" */ = {
			isa = XCConfigurationList;
			buildConfigurations = (
				B3FDF1342B1BE1710059CA2C /* Debug */,
				B3FDF1352B1BE1710059CA2C /* Release */,
			);
			defaultConfigurationIsVisible = 0;
			defaultConfigurationName = Release;
		};
		B3FDF1362B1BE1710059CA2C /* Build configuration list for PBXNativeTarget "I am RichTests" */ = {
			isa = XCConfigurationList;
			buildConfigurations = (
				B3FDF1372B1BE1710059CA2C /* Debug */,
				B3FDF1382B1BE1710059CA2C /* Release */,
			);
			defaultConfigurationIsVisible = 0;
			defaultConfigurationName = Release;
		};
		B3FDF1392B1BE1710059CA2C /* Build configuration list for PBXNativeTarget "I am RichUITests" */ = {
			isa = XCConfigurationList;
			buildConfigurations = (
				B3FDF13A2B1BE1710059CA2C /* Debug */,
				B3FDF13B2B1BE1710059CA2C /* Release */,
			);
			defaultConfigurationIsVisible = 0;
			defaultConfigurationName = Release;
		};
/* End XCConfigurationList section */
	};
	rootObject = B3FDF1012B1BE16D0059CA2C /* Project object */;
}
